
Microsoft Visual Studio Solution File, Format Version 12.00
# Visual Studio Version 16
VisualStudioVersion = 16.0.29911.84
MinimumVisualStudioVersion = 10.0.40219.1
Project("{FAE04EC0-301F-11D3-BF4B-00C04F79EFBC}") = "OT_2.4(steck)", "OT_2.4(steck)\OT_2.4(steck).csproj", "{3C9C04F5-C1F7-4EAC-9D31-8B4C74D94788}"
EndProject
Global
	GlobalSection(SolutionConfigurationPlatforms) = preSolution
		Debug|Any CPU = Debug|Any CPU
		Release|Any CPU = Release|Any CPU
	EndGlobalSection
	GlobalSection(ProjectConfigurationPlatforms) = postSolution
		{3C9C04F5-C1F7-4EAC-9D31-8B4C74D94788}.Debug|Any CPU.ActiveCfg = Debug|Any CPU
		{3C9C04F5-C1F7-4EAC-9D31-8B4C74D94788}.Debug|Any CPU.Build.0 = Debug|Any CPU
		{3C9C04F5-C1F7-4EAC-9D31-8B4C74D94788}.Release|Any CPU.ActiveCfg = Release|Any CPU
		{3C9C04F5-C1F7-4EAC-9D31-8B4C74D94788}.Release|Any CPU.Build.0 = Release|Any CPU
	EndGlobalSection
	GlobalSection(SolutionProperties) = preSolution
		HideSolutionNode = FALSE
	EndGlobalSection
	GlobalSection(ExtensibilityGlobals) = postSolution
		SolutionGuid = {EE6F69DD-3E73-420A-8979-D99D5ADBF59E}
	EndGlobalSection
EndGlobal
